
Microsoft Visual Studio Solution File, Format Version 12.00
# Visual Studio Version 16
VisualStudioVersion = 16.0.30609.13
MinimumVisualStudioVersion = 10.0.40219.1
Project("{8BC9CEB8-8B4A-11D0-8D11-00A0C91BC942}") = "Cppcorecheck", "Cppcorecheck\Cppcorecheck.vcxproj", "{365A5714-576C-442F-815B-9C05496BA849}"
EndProject
Project("{8BC9CEB8-8B4A-11D0-8D11-00A0C91BC942}") = "CodeQL", "CodeQL\CodeQL.vcxproj", "{CA5486F2-550D-4F64-A704-1CC300990A71}"
EndProject
Global
	GlobalSection(SolutionConfigurationPlatforms) = preSolution
		Debug|x64 = Debug|x64
		Debug|x86 = Debug|x86
		Release|x64 = Release|x64
		Release|x86 = Release|x86
	EndGlobalSection
	GlobalSection(ProjectConfigurationPlatforms) = postSolution
		{365A5714-576C-442F-815B-9C05496BA849}.Debug|x64.ActiveCfg = Debug|x64
		{365A5714-576C-442F-815B-9C05496BA849}.Debug|x64.Build.0 = Debug|x64
		{365A5714-576C-442F-815B-9C05496BA849}.Debug|x86.ActiveCfg = Debug|Win32
		{365A5714-576C-442F-815B-9C05496BA849}.Debug|x86.Build.0 = Debug|Win32
		{365A5714-576C-442F-815B-9C05496BA849}.Release|x64.ActiveCfg = Release|x64
		{365A5714-576C-442F-815B-9C05496BA849}.Release|x64.Build.0 = Release|x64
		{365A5714-576C-442F-815B-9C05496BA849}.Release|x86.ActiveCfg = Release|Win32
		{365A5714-576C-442F-815B-9C05496BA849}.Release|x86.Build.0 = Release|Win32
		{CA5486F2-550D-4F64-A704-1CC300990A71}.Debug|x64.ActiveCfg = Debug|x64
		{CA5486F2-550D-4F64-A704-1CC300990A71}.Debug|x64.Build.0 = Debug|x64
		{CA5486F2-550D-4F64-A704-1CC300990A71}.Debug|x86.ActiveCfg = Debug|Win32
		{CA5486F2-550D-4F64-A704-1CC300990A71}.Debug|x86.Build.0 = Debug|Win32
		{CA5486F2-550D-4F64-A704-1CC300990A71}.Release|x64.ActiveCfg = Release|x64
		{CA5486F2-550D-4F64-A704-1CC300990A71}.Release|x64.Build.0 = Release|x64
		{CA5486F2-550D-4F64-A704-1CC300990A71}.Release|x86.ActiveCfg = Release|Win32
		{CA5486F2-550D-4F64-A704-1CC300990A71}.Release|x86.Build.0 = Release|Win32
	EndGlobalSection
	GlobalSection(SolutionProperties) = preSolution
		HideSolutionNode = FALSE
	EndGlobalSection
	GlobalSection(ExtensibilityGlobals) = postSolution
		SolutionGuid = {A14DA053-03B0-4100-AA26-F04ECED09E66}
	EndGlobalSection
EndGlobal
